Microsoft Visual Studio Solution File, Format Version 12.00
# Visual Studio Version 17
VisualStudioVersion = 17.5.2.0
MinimumVisualStudioVersion = 10.0.40219.1
Project("{FAE04EC0-301F-11D3-BF4B-00C04F79EFBC}") = "MorningSignInBot", "MorningSignInBot\MorningSignInBot.csproj", "{71C32535-4C67-D6CC-A09D-ED3849F79F7A}"
EndProject
Project("{2150E333-8FDC-42A3-9474-1A3956D46DE8}") = "Tests", "Tests", "{D5BB1171-5E95-4F67-ACF5-1132F321FB80}"
EndProject
Project("{FAE04EC0-301F-11D3-BF4B-00C04F79EFBC}") = "MorningSignInBot.Tests", "Tests\MorningSignInBot.Tests\MorningSignInBot.Tests.csproj", "{1E913CE6-E75C-4CCD-99B9-F99164AFE55C}"
EndProject
Global
	GlobalSection(SolutionConfigurationPlatforms) = preSolution
		Debug|Any CPU = Debug|Any CPU
		Release|Any CPU = Release|Any CPU
	EndGlobalSection
	GlobalSection(ProjectConfigurationPlatforms) = postSolution
		{71C32535-4C67-D6CC-A09D-ED3849F79F7A}.Debug|Any CPU.ActiveCfg = Debug|Any CPU
		{71C32535-4C67-D6CC-A09D-ED3849F79F7A}.Debug|Any CPU.Build.0 = Debug|Any CPU
		{71C32535-4C67-D6CC-A09D-ED3849F79F7A}.Release|Any CPU.ActiveCfg = Release|Any CPU
		{71C32535-4C67-D6CC-A09D-ED3849F79F7A}.Release|Any CPU.Build.0 = Release|Any CPU
		{1E913CE6-E75C-4CCD-99B9-F99164AFE55C}.Debug|Any CPU.ActiveCfg = Debug|Any CPU
		{1E913CE6-E75C-4CCD-99B9-F99164AFE55C}.Debug|Any CPU.Build.0 = Debug|Any CPU
		{1E913CE6-E75C-4CCD-99B9-F99164AFE55C}.Release|Any CPU.ActiveCfg = Release|Any CPU
		{1E913CE6-E75C-4CCD-99B9-F99164AFE55C}.Release|Any CPU.Build.0 = Release|Any CPU
	EndGlobalSection
	GlobalSection(SolutionProperties) = preSolution
		HideSolutionNode = FALSE
	EndGlobalSection
	GlobalSection(ExtensibilityGlobals) = postSolution
		SolutionGuid = {A3979944-DDEC-4489-B30B-6B19C777D8BF}
	EndGlobalSection
	GlobalSection(NestedProjects) = preSolution
		{1E913CE6-E75C-4CCD-99B9-F99164AFE55C} = {D5BB1171-5E95-4F67-ACF5-1132F321FB80}
	EndGlobalSection
EndGlobal
